<?xml version="1.0" encoding="utf-8"?>
<Project ToolsVersion="4.0" xmlns="http://schemas.microsoft.com/developer/msbuild/2003">
  <ItemGroup>
    <Filter Include="源文件">
      <UniqueIdentifier>{4FC737F1-C7A5-4376-A066-2A32D752A2FF}</UniqueIdentifier>
      <Extensions>cpp;c;cc;cxx;c++;cppm;ixx;def;odl;idl;hpj;bat;asm;asmx</Extensions>
    </Filter>
    <Filter Include="头文件">
      <UniqueIdentifier>{93995380-89BD-4b04-88EB-625FBE52EBFB}</UniqueIdentifier>
      <Extensions>h;hh;hpp;hxx;h++;hm;inl;inc;ipp;xsd</Extensions>
    </Filter>
    <Filter Include="资源文件">
      <UniqueIdentifier>{67DA6AB6-F800-4c08-8B7A-83BB121AAD01}</UniqueIdentifier>
      <Extensions>rc;ico;cur;bmp;dlg;rc2;rct;bin;rgs;gif;jpg;jpeg;jpe;resx;tiff;tif;png;wav;mfcribbon-ms</Extensions>
    </Filter>
    <Filter Include="头文件\Public">
      <UniqueIdentifier>{a5276534-5a6d-4ce7-a094-e54930a44794}</UniqueIdentifier>
    </Filter>
    <Filter Include="头文件\Public\define">
      <UniqueIdentifier>{7381e4df-4f90-4735-a91c-479a9b856b40}</UniqueIdentifier>
    </Filter>
    <Filter Include="头文件\Public\json">
      <UniqueIdentifier>{976225b2-1678-4460-9333-b1ae983e4df1}</UniqueIdentifier>
    </Filter>
    <Filter Include="头文件\Public\libevent">
      <UniqueIdentifier>{faf795a5-9af0-4d54-a292-9115c94ee4d6}</UniqueIdentifier>
    </Filter>
    <Filter Include="头文件\Public\libevent\event2">
      <UniqueIdentifier>{4cd0840c-0590-44f9-ba70-39ce9c72868a}</UniqueIdentifier>
    </Filter>
    <Filter Include="头文件\Public\net">
      <UniqueIdentifier>{5043031e-54d7-4f0c-91d9-4b5c9ba369c8}</UniqueIdentifier>
    </Filter>
    <Filter Include="头文件\Public\openssl">
      <UniqueIdentifier>{93c70b88-611d-49c4-954c-7ceb5cc9597e}</UniqueIdentifier>
    </Filter>
    <Filter Include="头文件\Public\openssl\include">
      <UniqueIdentifier>{42b23396-bb3f-4846-96c7-a9afe674ba55}</UniqueIdentifier>
    </Filter>
    <Filter Include="头文件\Public\openssl\include\openssl">
      <UniqueIdentifier>{a8be5f92-4167-4cb2-875a-203fdafbc571}</UniqueIdentifier>
    </Filter>
    <Filter Include="头文件\Public\service">
      <UniqueIdentifier>{4197cdc1-0f80-429b-a08f-4bf97592f7ec}</UniqueIdentifier>
    </Filter>
    <Filter Include="头文件\Public\spdlog">
      <UniqueIdentifier>{4dc4939f-c309-423d-803d-c876e0ee7b5f}</UniqueIdentifier>
    </Filter>
    <Filter Include="头文件\Public\spdlog\cfg">
      <UniqueIdentifier>{271c4a9a-f4b6-492c-8bac-2b4cf47f7dab}</UniqueIdentifier>
    </Filter>
    <Filter Include="头文件\Public\spdlog\details">
      <UniqueIdentifier>{572bbe10-2836-4de1-974e-1d462edce350}</UniqueIdentifier>
    </Filter>
    <Filter Include="头文件\Public\spdlog\fmt">
      <UniqueIdentifier>{007676a3-b1c4-4833-86a3-79560200854a}</UniqueIdentifier>
    </Filter>
    <Filter Include="头文件\Public\spdlog\fmt\bundled">
      <UniqueIdentifier>{ca9e37e9-b6d6-4bfc-b592-ef05fdabc1b3}</UniqueIdentifier>
    </Filter>
    <Filter Include="头文件\Public\spdlog\sinks">
      <UniqueIdentifier>{e15ad7b5-b437-456c-8a83-656ea5c77a1b}</UniqueIdentifier>
    </Filter>
    <Filter Include="头文件\Public\ssl">
      <UniqueIdentifier>{168c591b-d192-4652-99cf-82b39218084f}</UniqueIdentifier>
    </Filter>
    <Filter Include="头文件\Public\util">
      <UniqueIdentifier>{33b081b1-cab4-41a0-84f3-7ff924f230b1}</UniqueIdentifier>
    </Filter>
    <Filter Include="头文件\Public\websocket">
      <UniqueIdentifier>{4bd60d28-abe5-49ce-8c54-84a8ada9fec6}</UniqueIdentifier>
    </Filter>
    <Filter Include="源文件\Public">
      <UniqueIdentifier>{6a5d849b-d89b-4550-8819-e14f40889cc4}</UniqueIdentifier>
    </Filter>
    <Filter Include="源文件\Public\net">
      <UniqueIdentifier>{52da6f11-74ce-4944-81ac-16f2c9d30c38}</UniqueIdentifier>
    </Filter>
    <Filter Include="源文件\Public\service">
      <UniqueIdentifier>{e3dd906f-a91d-4bf9-a7d2-847c928eaefb}</UniqueIdentifier>
    </Filter>
    <Filter Include="源文件\Public\spdlog">
      <UniqueIdentifier>{5357950b-0183-4500-b38d-697d1ad7bac9}</UniqueIdentifier>
    </Filter>
    <Filter Include="源文件\Public\ssl">
      <UniqueIdentifier>{fd55641f-b33f-4610-a402-318d6d4ee3e7}</UniqueIdentifier>
    </Filter>
    <Filter Include="源文件\Public\util">
      <UniqueIdentifier>{0b43f544-023c-409c-9ff1-87002a6a2a61}</UniqueIdentifier>
    </Filter>
    <Filter Include="源文件\Public\websocket">
      <UniqueIdentifier>{674303e4-569e-42ec-8701-f5de0232c325}</UniqueIdentifier>
    </Filter>
    <Filter Include="源文件\Public\openssl">
      <UniqueIdentifier>{94330814-e424-48d0-8f2e-a542cd6570cc}</UniqueIdentifier>
    </Filter>
    <Filter Include="源文件\Public\openssl\include">
      <UniqueIdentifier>{a24d4069-3995-47b0-8eeb-1b741f333c3e}</UniqueIdentifier>
    </Filter>
    <Filter Include="源文件\Public\openssl\include\openssl">
      <UniqueIdentifier>{f6ab1ff5-1069-4ff1-8f3e-acc521778a85}</UniqueIdentifier>
    </Filter>
  </ItemGroup>
  <ItemGroup>
    <ClCompile Include="service_main.cpp">
      <Filter>源文件</Filter>
    </ClCompile>
    <ClCompile Include="service_center.cpp">
      <Filter>源文件</Filter>
    </ClCompile>
    <ClCompile Include="..\ZiMoPublic\net\zm_net_http.cpp">
      <Filter>源文件\Public\net</Filter>
    </ClCompile>
    <ClCompile Include="..\ZiMoPublic\net\zm_net_socket.cpp">
      <Filter>源文件\Public\net</Filter>
    </ClCompile>
    <ClCompile Include="..\ZiMoPublic\service\zm_service_base.cpp">
      <Filter>源文件\Public\service</Filter>
    </ClCompile>
    <ClCompile Include="..\ZiMoPublic\spdlog\zm_logger.cpp">
      <Filter>源文件\Public\spdlog</Filter>
    </ClCompile>
    <ClCompile Include="..\ZiMoPublic\util\zm_util_container.cpp">
      <Filter>源文件\Public\util</Filter>
    </ClCompile>
    <ClCompile Include="..\ZiMoPublic\util\zm_util_file.cpp">
      <Filter>源文件\Public\util</Filter>
    </ClCompile>
    <ClCompile Include="..\ZiMoPublic\util\zm_util_str.cpp">
      <Filter>源文件\Public\util</Filter>
    </ClCompile>
    <ClCompile Include="..\ZiMoPublic\util\zm_util_sys.cpp">
      <Filter>源文件\Public\util</Filter>
    </ClCompile>
    <ClCompile Include="..\ZiMoPublic\util\zm_util_thread.cpp">
      <Filter>源文件\Public\util</Filter>
    </ClCompile>
    <ClCompile Include="..\ZiMoPublic\websocket\zm_websocket_utils.cpp">
      <Filter>源文件\Public\websocket</Filter>
    </ClCompile>
    <ClCompile Include="..\ZiMoPublic\websocket\zm_websocket_server.cpp">
      <Filter>源文件\Public\websocket</Filter>
    </ClCompile>
    <ClCompile Include="..\ZiMoPublic\openssl\include\openssl\applink.c">
      <Filter>源文件\Public\openssl\include\openssl</Filter>
    </ClCompile>
    <ClCompile Include="..\ZiMoPublic\util\zm_util_libevent.cpp">
      <Filter>源文件\Public\util</Filter>
    </ClCompile>
    <ClCompile Include="..\ZiMoPublic\util\zm_util_win_os.cpp">
      <Filter>源文件\Public\util</Filter>
    </ClCompile>
    <ClCompile Include="..\ZiMoPublic\net\zm_net_ip.cpp">
      <Filter>源文件\Public\net</Filter>
    </ClCompile>
    <ClCompile Include="..\ZiMoPublic\net\zm_net_dns.cpp">
      <Filter>源文件\Public\net</Filter>
    </ClCompile>
    <ClCompile Include="..\ZiMoPublic\ssl\zm_ssl_ctx.cpp">
      <Filter>源文件\Public\ssl</Filter>
    </ClCompile>
    <ClCompile Include="..\ZiMoPublic\ssl\zm_ssl_fingerprint.cpp">
      <Filter>源文件\Public\ssl</Filter>
    </ClCompile>
    <ClCompile Include="..\ZiMoPublic\net\zm_net_tap.cpp">
      <Filter>源文件\Public\net</Filter>
    </ClCompile>
    <ClCompile Include="..\ZiMoPublic\net\zm_net_tap_hub.cpp">
      <Filter>源文件\Public\net</Filter>
    </ClCompile>
    <ClCompile Include="..\ZiMoPublic\net\zm_net_tap_jrpc.cpp">
      <Filter>源文件\Public\net</Filter>
    </ClCompile>
    <ClCompile Include="service_portal.cpp">
      <Filter>源文件</Filter>
    </ClCompile>
    <ClCompile Include="http_jsonrpc_manager.cpp">
      <Filter>源文件</Filter>
    </ClCompile>
    <ClCompile Include="hub_proxy_manager.cpp">
      <Filter>源文件</Filter>
    </ClCompile>
    <ClCompile Include="message_server_manager.cpp">
      <Filter>源文件</Filter>
    </ClCompile>
    <ClCompile Include="net_dock.cpp">
      <Filter>源文件</Filter>
    </ClCompile>
    <ClCompile Include="..\ZiMoPublic\net\zm_net_request_channel.cpp">
      <Filter>源文件</Filter>
    </ClCompile>
    <ClCompile Include="..\ZiMoPublic\net\zm_net_runloop.cpp">
      <Filter>源文件\Public\net</Filter>
    </ClCompile>
    <ClCompile Include="..\ZiMoPublic\net\zm_net_http_router.cpp">
      <Filter>源文件\Public\net</Filter>
    </ClCompile>
    <ClCompile Include="http_server_manager.cpp">
      <Filter>源文件</Filter>
    </ClCompile>
  </ItemGroup>
  <ItemGroup>
    <ClInclude Include="resource.h">
      <Filter>头文件</Filter>
    </ClInclude>
    <ClInclude Include="service_center.h">
      <Filter>头文件</Filter>
    </ClInclude>
    <ClInclude Include="..\ZiMoPublic\define\zm_simple_define.h">
      <Filter>头文件\Public\define</Filter>
    </ClInclude>
    <ClInclude Include="..\ZiMoPublic\define\zm_version_define.h">
      <Filter>头文件\Public\define</Filter>
    </ClInclude>
    <ClInclude Include="..\ZiMoPublic\json\json.hpp">
      <Filter>头文件\Public\json</Filter>
    </ClInclude>
    <ClInclude Include="..\ZiMoPublic\json\zm_json.h">
      <Filter>头文件\Public\json</Filter>
    </ClInclude>
    <ClInclude Include="..\ZiMoPublic\libevent\include\evconfig-private.h">
      <Filter>头文件\Public\libevent</Filter>
    </ClInclude>
    <ClInclude Include="..\ZiMoPublic\libevent\include\evdns.h">
      <Filter>头文件\Public\libevent</Filter>
    </ClInclude>
    <ClInclude Include="..\ZiMoPublic\libevent\include\event.h">
      <Filter>头文件\Public\libevent</Filter>
    </ClInclude>
    <ClInclude Include="..\ZiMoPublic\libevent\include\evhttp.h">
      <Filter>头文件\Public\libevent</Filter>
    </ClInclude>
    <ClInclude Include="..\ZiMoPublic\libevent\include\evrpc.h">
      <Filter>头文件\Public\libevent</Filter>
    </ClInclude>
    <ClInclude Include="..\ZiMoPublic\libevent\include\evutil.h">
      <Filter>头文件\Public\libevent</Filter>
    </ClInclude>
    <ClInclude Include="..\ZiMoPublic\libevent\include\event2\buffer.h">
      <Filter>头文件\Public\libevent\event2</Filter>
    </ClInclude>
    <ClInclude Include="..\ZiMoPublic\libevent\include\event2\buffer_compat.h">
      <Filter>头文件\Public\libevent\event2</Filter>
    </ClInclude>
    <ClInclude Include="..\ZiMoPublic\libevent\include\event2\bufferevent.h">
      <Filter>头文件\Public\libevent\event2</Filter>
    </ClInclude>
    <ClInclude Include="..\ZiMoPublic\libevent\include\event2\bufferevent_compat.h">
      <Filter>头文件\Public\libevent\event2</Filter>
    </ClInclude>
    <ClInclude Include="..\ZiMoPublic\libevent\include\event2\bufferevent_ssl.h">
      <Filter>头文件\Public\libevent\event2</Filter>
    </ClInclude>
    <ClInclude Include="..\ZiMoPublic\libevent\include\event2\bufferevent_struct.h">
      <Filter>头文件\Public\libevent\event2</Filter>
    </ClInclude>
    <ClInclude Include="..\ZiMoPublic\libevent\include\event2\dns.h">
      <Filter>头文件\Public\libevent\event2</Filter>
    </ClInclude>
    <ClInclude Include="..\ZiMoPublic\libevent\include\event2\dns_compat.h">
      <Filter>头文件\Public\libevent\event2</Filter>
    </ClInclude>
    <ClInclude Include="..\ZiMoPublic\libevent\include\event2\dns_struct.h">
      <Filter>头文件\Public\libevent\event2</Filter>
    </ClInclude>
    <ClInclude Include="..\ZiMoPublic\libevent\include\event2\event.h">
      <Filter>头文件\Public\libevent\event2</Filter>
    </ClInclude>
    <ClInclude Include="..\ZiMoPublic\libevent\include\event2\event_compat.h">
      <Filter>头文件\Public\libevent\event2</Filter>
    </ClInclude>
    <ClInclude Include="..\ZiMoPublic\libevent\include\event2\event_struct.h">
      <Filter>头文件\Public\libevent\event2</Filter>
    </ClInclude>
    <ClInclude Include="..\ZiMoPublic\libevent\include\event2\event-config.h">
      <Filter>头文件\Public\libevent\event2</Filter>
    </ClInclude>
    <ClInclude Include="..\ZiMoPublic\libevent\include\event2\http.h">
      <Filter>头文件\Public\libevent\event2</Filter>
    </ClInclude>
    <ClInclude Include="..\ZiMoPublic\libevent\include\event2\http_compat.h">
      <Filter>头文件\Public\libevent\event2</Filter>
    </ClInclude>
    <ClInclude Include="..\ZiMoPublic\libevent\include\event2\http_struct.h">
      <Filter>头文件\Public\libevent\event2</Filter>
    </ClInclude>
    <ClInclude Include="..\ZiMoPublic\libevent\include\event2\keyvalq_struct.h">
      <Filter>头文件\Public\libevent\event2</Filter>
    </ClInclude>
    <ClInclude Include="..\ZiMoPublic\libevent\include\event2\listener.h">
      <Filter>头文件\Public\libevent\event2</Filter>
    </ClInclude>
    <ClInclude Include="..\ZiMoPublic\libevent\include\event2\rpc.h">
      <Filter>头文件\Public\libevent\event2</Filter>
    </ClInclude>
    <ClInclude Include="..\ZiMoPublic\libevent\include\event2\rpc_compat.h">
      <Filter>头文件\Public\libevent\event2</Filter>
    </ClInclude>
    <ClInclude Include="..\ZiMoPublic\libevent\include\event2\rpc_struct.h">
      <Filter>头文件\Public\libevent\event2</Filter>
    </ClInclude>
    <ClInclude Include="..\ZiMoPublic\libevent\include\event2\tag.h">
      <Filter>头文件\Public\libevent\event2</Filter>
    </ClInclude>
    <ClInclude Include="..\ZiMoPublic\libevent\include\event2\tag_compat.h">
      <Filter>头文件\Public\libevent\event2</Filter>
    </ClInclude>
    <ClInclude Include="..\ZiMoPublic\libevent\include\event2\thread.h">
      <Filter>头文件\Public\libevent\event2</Filter>
    </ClInclude>
    <ClInclude Include="..\ZiMoPublic\libevent\include\event2\util.h">
      <Filter>头文件\Public\libevent\event2</Filter>
    </ClInclude>
    <ClInclude Include="..\ZiMoPublic\libevent\include\event2\visibility.h">
      <Filter>头文件\Public\libevent\event2</Filter>
    </ClInclude>
    <ClInclude Include="..\ZiMoPublic\libevent\include\event2\watch.h">
      <Filter>头文件\Public\libevent\event2</Filter>
    </ClInclude>
    <ClInclude Include="..\ZiMoPublic\libevent\include\event2\ws.h">
      <Filter>头文件\Public\libevent\event2</Filter>
    </ClInclude>
    <ClInclude Include="..\ZiMoPublic\net\zm_net_http.h">
      <Filter>头文件\Public\net</Filter>
    </ClInclude>
    <ClInclude Include="..\ZiMoPublic\net\zm_net_socket.h">
      <Filter>头文件\Public\net</Filter>
    </ClInclude>
    <ClInclude Include="..\ZiMoPublic\openssl\include\openssl\__DECC_INCLUDE_EPILOGUE.H">
      <Filter>头文件\Public\openssl\include\openssl</Filter>
    </ClInclude>
    <ClInclude Include="..\ZiMoPublic\openssl\include\openssl\__DECC_INCLUDE_PROLOGUE.H">
      <Filter>头文件\Public\openssl\include\openssl</Filter>
    </ClInclude>
    <ClInclude Include="..\ZiMoPublic\openssl\include\openssl\aes.h">
      <Filter>头文件\Public\openssl\include\openssl</Filter>
    </ClInclude>
    <ClInclude Include="..\ZiMoPublic\openssl\include\openssl\asn1.h">
      <Filter>头文件\Public\openssl\include\openssl</Filter>
    </ClInclude>
    <ClInclude Include="..\ZiMoPublic\openssl\include\openssl\asn1err.h">
      <Filter>头文件\Public\openssl\include\openssl</Filter>
    </ClInclude>
    <ClInclude Include="..\ZiMoPublic\openssl\include\openssl\asn1t.h">
      <Filter>头文件\Public\openssl\include\openssl</Filter>
    </ClInclude>
    <ClInclude Include="..\ZiMoPublic\openssl\include\openssl\async.h">
      <Filter>头文件\Public\openssl\include\openssl</Filter>
    </ClInclude>
    <ClInclude Include="..\ZiMoPublic\openssl\include\openssl\asyncerr.h">
      <Filter>头文件\Public\openssl\include\openssl</Filter>
    </ClInclude>
    <ClInclude Include="..\ZiMoPublic\openssl\include\openssl\bio.h">
      <Filter>头文件\Public\openssl\include\openssl</Filter>
    </ClInclude>
    <ClInclude Include="..\ZiMoPublic\openssl\include\openssl\bioerr.h">
      <Filter>头文件\Public\openssl\include\openssl</Filter>
    </ClInclude>
    <ClInclude Include="..\ZiMoPublic\openssl\include\openssl\blowfish.h">
      <Filter>头文件\Public\openssl\include\openssl</Filter>
    </ClInclude>
    <ClInclude Include="..\ZiMoPublic\openssl\include\openssl\bn.h">
      <Filter>头文件\Public\openssl\include\openssl</Filter>
    </ClInclude>
    <ClInclude Include="..\ZiMoPublic\openssl\include\openssl\bnerr.h">
      <Filter>头文件\Public\openssl\include\openssl</Filter>
    </ClInclude>
    <ClInclude Include="..\ZiMoPublic\openssl\include\openssl\buffer.h">
      <Filter>头文件\Public\openssl\include\openssl</Filter>
    </ClInclude>
    <ClInclude Include="..\ZiMoPublic\openssl\include\openssl\buffererr.h">
      <Filter>头文件\Public\openssl\include\openssl</Filter>
    </ClInclude>
    <ClInclude Include="..\ZiMoPublic\openssl\include\openssl\byteorder.h">
      <Filter>头文件\Public\openssl\include\openssl</Filter>
    </ClInclude>
    <ClInclude Include="..\ZiMoPublic\openssl\include\openssl\camellia.h">
      <Filter>头文件\Public\openssl\include\openssl</Filter>
    </ClInclude>
    <ClInclude Include="..\ZiMoPublic\openssl\include\openssl\cast.h">
      <Filter>头文件\Public\openssl\include\openssl</Filter>
    </ClInclude>
    <ClInclude Include="..\ZiMoPublic\openssl\include\openssl\cmac.h">
      <Filter>头文件\Public\openssl\include\openssl</Filter>
    </ClInclude>
    <ClInclude Include="..\ZiMoPublic\openssl\include\openssl\cmp.h">
      <Filter>头文件\Public\openssl\include\openssl</Filter>
    </ClInclude>
    <ClInclude Include="..\ZiMoPublic\openssl\include\openssl\cmp_util.h">
      <Filter>头文件\Public\openssl\include\openssl</Filter>
    </ClInclude>
    <ClInclude Include="..\ZiMoPublic\openssl\include\openssl\cmperr.h">
      <Filter>头文件\Public\openssl\include\openssl</Filter>
    </ClInclude>
    <ClInclude Include="..\ZiMoPublic\openssl\include\openssl\cms.h">
      <Filter>头文件\Public\openssl\include\openssl</Filter>
    </ClInclude>
    <ClInclude Include="..\ZiMoPublic\openssl\include\openssl\cmserr.h">
      <Filter>头文件\Public\openssl\include\openssl</Filter>
    </ClInclude>
    <ClInclude Include="..\ZiMoPublic\openssl\include\openssl\comp.h">
      <Filter>头文件\Public\openssl\include\openssl</Filter>
    </ClInclude>
    <ClInclude Include="..\ZiMoPublic\openssl\include\openssl\comperr.h">
      <Filter>头文件\Public\openssl\include\openssl</Filter>
    </ClInclude>
    <ClInclude Include="..\ZiMoPublic\openssl\include\openssl\conf.h">
      <Filter>头文件\Public\openssl\include\openssl</Filter>
    </ClInclude>
    <ClInclude Include="..\ZiMoPublic\openssl\include\openssl\conf_api.h">
      <Filter>头文件\Public\openssl\include\openssl</Filter>
    </ClInclude>
    <ClInclude Include="..\ZiMoPublic\openssl\include\openssl\conferr.h">
      <Filter>头文件\Public\openssl\include\openssl</Filter>
    </ClInclude>
    <ClInclude Include="..\ZiMoPublic\openssl\include\openssl\configuration.h">
      <Filter>头文件\Public\openssl\include\openssl</Filter>
    </ClInclude>
    <ClInclude Include="..\ZiMoPublic\openssl\include\openssl\conftypes.h">
      <Filter>头文件\Public\openssl\include\openssl</Filter>
    </ClInclude>
    <ClInclude Include="..\ZiMoPublic\openssl\include\openssl\core.h">
      <Filter>头文件\Public\openssl\include\openssl</Filter>
    </ClInclude>
    <ClInclude Include="..\ZiMoPublic\openssl\include\openssl\core_dispatch.h">
      <Filter>头文件\Public\openssl\include\openssl</Filter>
    </ClInclude>
    <ClInclude Include="..\ZiMoPublic\openssl\include\openssl\core_names.h">
      <Filter>头文件\Public\openssl\include\openssl</Filter>
    </ClInclude>
    <ClInclude Include="..\ZiMoPublic\openssl\include\openssl\core_object.h">
      <Filter>头文件\Public\openssl\include\openssl</Filter>
    </ClInclude>
    <ClInclude Include="..\ZiMoPublic\openssl\include\openssl\crmf.h">
      <Filter>头文件\Public\openssl\include\openssl</Filter>
    </ClInclude>
    <ClInclude Include="..\ZiMoPublic\openssl\include\openssl\crmferr.h">
      <Filter>头文件\Public\openssl\include\openssl</Filter>
    </ClInclude>
    <ClInclude Include="..\ZiMoPublic\openssl\include\openssl\crypto.h">
      <Filter>头文件\Public\openssl\include\openssl</Filter>
    </ClInclude>
    <ClInclude Include="..\ZiMoPublic\openssl\include\openssl\cryptoerr.h">
      <Filter>头文件\Public\openssl\include\openssl</Filter>
    </ClInclude>
    <ClInclude Include="..\ZiMoPublic\openssl\include\openssl\cryptoerr_legacy.h">
      <Filter>头文件\Public\openssl\include\openssl</Filter>
    </ClInclude>
    <ClInclude Include="..\ZiMoPublic\openssl\include\openssl\ct.h">
      <Filter>头文件\Public\openssl\include\openssl</Filter>
    </ClInclude>
    <ClInclude Include="..\ZiMoPublic\openssl\include\openssl\cterr.h">
      <Filter>头文件\Public\openssl\include\openssl</Filter>
    </ClInclude>
    <ClInclude Include="..\ZiMoPublic\openssl\include\openssl\decoder.h">
      <Filter>头文件\Public\openssl\include\openssl</Filter>
    </ClInclude>
    <ClInclude Include="..\ZiMoPublic\openssl\include\openssl\decodererr.h">
      <Filter>头文件\Public\openssl\include\openssl</Filter>
    </ClInclude>
    <ClInclude Include="..\ZiMoPublic\openssl\include\openssl\des.h">
      <Filter>头文件\Public\openssl\include\openssl</Filter>
    </ClInclude>
    <ClInclude Include="..\ZiMoPublic\openssl\include\openssl\dh.h">
      <Filter>头文件\Public\openssl\include\openssl</Filter>
    </ClInclude>
    <ClInclude Include="..\ZiMoPublic\openssl\include\openssl\dherr.h">
      <Filter>头文件\Public\openssl\include\openssl</Filter>
    </ClInclude>
    <ClInclude Include="..\ZiMoPublic\openssl\include\openssl\dsa.h">
      <Filter>头文件\Public\openssl\include\openssl</Filter>
    </ClInclude>
    <ClInclude Include="..\ZiMoPublic\openssl\include\openssl\dsaerr.h">
      <Filter>头文件\Public\openssl\include\openssl</Filter>
    </ClInclude>
    <ClInclude Include="..\ZiMoPublic\openssl\include\openssl\dtls1.h">
      <Filter>头文件\Public\openssl\include\openssl</Filter>
    </ClInclude>
    <ClInclude Include="..\ZiMoPublic\openssl\include\openssl\e_os2.h">
      <Filter>头文件\Public\openssl\include\openssl</Filter>
    </ClInclude>
    <ClInclude Include="..\ZiMoPublic\openssl\include\openssl\e_ostime.h">
      <Filter>头文件\Public\openssl\include\openssl</Filter>
    </ClInclude>
    <ClInclude Include="..\ZiMoPublic\openssl\include\openssl\ebcdic.h">
      <Filter>头文件\Public\openssl\include\openssl</Filter>
    </ClInclude>
    <ClInclude Include="..\ZiMoPublic\openssl\include\openssl\ec.h">
      <Filter>头文件\Public\openssl\include\openssl</Filter>
    </ClInclude>
    <ClInclude Include="..\ZiMoPublic\openssl\include\openssl\ecdh.h">
      <Filter>头文件\Public\openssl\include\openssl</Filter>
    </ClInclude>
    <ClInclude Include="..\ZiMoPublic\openssl\include\openssl\ecdsa.h">
      <Filter>头文件\Public\openssl\include\openssl</Filter>
    </ClInclude>
    <ClInclude Include="..\ZiMoPublic\openssl\include\openssl\ecerr.h">
      <Filter>头文件\Public\openssl\include\openssl</Filter>
    </ClInclude>
    <ClInclude Include="..\ZiMoPublic\openssl\include\openssl\ech.h">
      <Filter>头文件\Public\openssl\include\openssl</Filter>
    </ClInclude>
    <ClInclude Include="..\ZiMoPublic\openssl\include\openssl\encoder.h">
      <Filter>头文件\Public\openssl\include\openssl</Filter>
    </ClInclude>
    <ClInclude Include="..\ZiMoPublic\openssl\include\openssl\encodererr.h">
      <Filter>头文件\Public\openssl\include\openssl</Filter>
    </ClInclude>
    <ClInclude Include="..\ZiMoPublic\openssl\include\openssl\engine.h">
      <Filter>头文件\Public\openssl\include\openssl</Filter>
    </ClInclude>
    <ClInclude Include="..\ZiMoPublic\openssl\include\openssl\engineerr.h">
      <Filter>头文件\Public\openssl\include\openssl</Filter>
    </ClInclude>
    <ClInclude Include="..\ZiMoPublic\openssl\include\openssl\err.h">
      <Filter>头文件\Public\openssl\include\openssl</Filter>
    </ClInclude>
    <ClInclude Include="..\ZiMoPublic\openssl\include\openssl\ess.h">
      <Filter>头文件\Public\openssl\include\openssl</Filter>
    </ClInclude>
    <ClInclude Include="..\ZiMoPublic\openssl\include\openssl\esserr.h">
      <Filter>头文件\Public\openssl\include\openssl</Filter>
    </ClInclude>
    <ClInclude Include="..\ZiMoPublic\openssl\include\openssl\evp.h">
      <Filter>头文件\Public\openssl\include\openssl</Filter>
    </ClInclude>
    <ClInclude Include="..\ZiMoPublic\openssl\include\openssl\evperr.h">
      <Filter>头文件\Public\openssl\include\openssl</Filter>
    </ClInclude>
    <ClInclude Include="..\ZiMoPublic\openssl\include\openssl\fips_names.h">
      <Filter>头文件\Public\openssl\include\openssl</Filter>
    </ClInclude>
    <ClInclude Include="..\ZiMoPublic\openssl\include\openssl\fipskey.h">
      <Filter>头文件\Public\openssl\include\openssl</Filter>
    </ClInclude>
    <ClInclude Include="..\ZiMoPublic\openssl\include\openssl\hmac.h">
      <Filter>头文件\Public\openssl\include\openssl</Filter>
    </ClInclude>
    <ClInclude Include="..\ZiMoPublic\openssl\include\openssl\hpke.h">
      <Filter>头文件\Public\openssl\include\openssl</Filter>
    </ClInclude>
    <ClInclude Include="..\ZiMoPublic\openssl\include\openssl\http.h">
      <Filter>头文件\Public\openssl\include\openssl</Filter>
    </ClInclude>
    <ClInclude Include="..\ZiMoPublic\openssl\include\openssl\httperr.h">
      <Filter>头文件\Public\openssl\include\openssl</Filter>
    </ClInclude>
    <ClInclude Include="..\ZiMoPublic\openssl\include\openssl\idea.h">
      <Filter>头文件\Public\openssl\include\openssl</Filter>
    </ClInclude>
    <ClInclude Include="..\ZiMoPublic\openssl\include\openssl\indicator.h">
      <Filter>头文件\Public\openssl\include\openssl</Filter>
    </ClInclude>
    <ClInclude Include="..\ZiMoPublic\openssl\include\openssl\kdf.h">
      <Filter>头文件\Public\openssl\include\openssl</Filter>
    </ClInclude>
    <ClInclude Include="..\ZiMoPublic\openssl\include\openssl\kdferr.h">
      <Filter>头文件\Public\openssl\include\openssl</Filter>
    </ClInclude>
    <ClInclude Include="..\ZiMoPublic\openssl\include\openssl\lhash.h">
      <Filter>头文件\Public\openssl\include\openssl</Filter>
    </ClInclude>
    <ClInclude Include="..\ZiMoPublic\openssl\include\openssl\macros.h">
      <Filter>头文件\Public\openssl\include\openssl</Filter>
    </ClInclude>
    <ClInclude Include="..\ZiMoPublic\openssl\include\openssl\md2.h">
      <Filter>头文件\Public\openssl\include\openssl</Filter>
    </ClInclude>
    <ClInclude Include="..\ZiMoPublic\openssl\include\openssl\md4.h">
      <Filter>头文件\Public\openssl\include\openssl</Filter>
    </ClInclude>
    <ClInclude Include="..\ZiMoPublic\openssl\include\openssl\md5.h">
      <Filter>头文件\Public\openssl\include\openssl</Filter>
    </ClInclude>
    <ClInclude Include="..\ZiMoPublic\openssl\include\openssl\mdc2.h">
      <Filter>头文件\Public\openssl\include\openssl</Filter>
    </ClInclude>
    <ClInclude Include="..\ZiMoPublic\openssl\include\openssl\ml_kem.h">
      <Filter>头文件\Public\openssl\include\openssl</Filter>
    </ClInclude>
    <ClInclude Include="..\ZiMoPublic\openssl\include\openssl\modes.h">
      <Filter>头文件\Public\openssl\include\openssl</Filter>
    </ClInclude>
    <ClInclude Include="..\ZiMoPublic\openssl\include\openssl\obj_mac.h">
      <Filter>头文件\Public\openssl\include\openssl</Filter>
    </ClInclude>
    <ClInclude Include="..\ZiMoPublic\openssl\include\openssl\objects.h">
      <Filter>头文件\Public\openssl\include\openssl</Filter>
    </ClInclude>
    <ClInclude Include="..\ZiMoPublic\openssl\include\openssl\objectserr.h">
      <Filter>头文件\Public\openssl\include\openssl</Filter>
    </ClInclude>
    <ClInclude Include="..\ZiMoPublic\openssl\include\openssl\ocsp.h">
      <Filter>头文件\Public\openssl\include\openssl</Filter>
    </ClInclude>
    <ClInclude Include="..\ZiMoPublic\openssl\include\openssl\ocsperr.h">
      <Filter>头文件\Public\openssl\include\openssl</Filter>
    </ClInclude>
    <ClInclude Include="..\ZiMoPublic\openssl\include\openssl\opensslconf.h">
      <Filter>头文件\Public\openssl\include\openssl</Filter>
    </ClInclude>
    <ClInclude Include="..\ZiMoPublic\openssl\include\openssl\opensslv.h">
      <Filter>头文件\Public\openssl\include\openssl</Filter>
    </ClInclude>
    <ClInclude Include="..\ZiMoPublic\openssl\include\openssl\ossl_typ.h">
      <Filter>头文件\Public\openssl\include\openssl</Filter>
    </ClInclude>
    <ClInclude Include="..\ZiMoPublic\openssl\include\openssl\param_build.h">
      <Filter>头文件\Public\openssl\include\openssl</Filter>
    </ClInclude>
    <ClInclude Include="..\ZiMoPublic\openssl\include\openssl\params.h">
      <Filter>头文件\Public\openssl\include\openssl</Filter>
    </ClInclude>
    <ClInclude Include="..\ZiMoPublic\openssl\include\openssl\pem.h">
      <Filter>头文件\Public\openssl\include\openssl</Filter>
    </ClInclude>
    <ClInclude Include="..\ZiMoPublic\openssl\include\openssl\pem2.h">
      <Filter>头文件\Public\openssl\include\openssl</Filter>
    </ClInclude>
    <ClInclude Include="..\ZiMoPublic\openssl\include\openssl\pemerr.h">
      <Filter>头文件\Public\openssl\include\openssl</Filter>
    </ClInclude>
    <ClInclude Include="..\ZiMoPublic\openssl\include\openssl\pkcs7.h">
      <Filter>头文件\Public\openssl\include\openssl</Filter>
    </ClInclude>
    <ClInclude Include="..\ZiMoPublic\openssl\include\openssl\pkcs7err.h">
      <Filter>头文件\Public\openssl\include\openssl</Filter>
    </ClInclude>
    <ClInclude Include="..\ZiMoPublic\openssl\include\openssl\pkcs12.h">
      <Filter>头文件\Public\openssl\include\openssl</Filter>
    </ClInclude>
    <ClInclude Include="..\ZiMoPublic\openssl\include\openssl\pkcs12err.h">
      <Filter>头文件\Public\openssl\include\openssl</Filter>
    </ClInclude>
    <ClInclude Include="..\ZiMoPublic\openssl\include\openssl\posix_time.h">
      <Filter>头文件\Public\openssl\include\openssl</Filter>
    </ClInclude>
    <ClInclude Include="..\ZiMoPublic\openssl\include\openssl\prov_ssl.h">
      <Filter>头文件\Public\openssl\include\openssl</Filter>
    </ClInclude>
    <ClInclude Include="..\ZiMoPublic\openssl\include\openssl\proverr.h">
      <Filter>头文件\Public\openssl\include\openssl</Filter>
    </ClInclude>
    <ClInclude Include="..\ZiMoPublic\openssl\include\openssl\provider.h">
      <Filter>头文件\Public\openssl\include\openssl</Filter>
    </ClInclude>
    <ClInclude Include="..\ZiMoPublic\openssl\include\openssl\quic.h">
      <Filter>头文件\Public\openssl\include\openssl</Filter>
    </ClInclude>
    <ClInclude Include="..\ZiMoPublic\openssl\include\openssl\rand.h">
      <Filter>头文件\Public\openssl\include\openssl</Filter>
    </ClInclude>
    <ClInclude Include="..\ZiMoPublic\openssl\include\openssl\randerr.h">
      <Filter>头文件\Public\openssl\include\openssl</Filter>
    </ClInclude>
    <ClInclude Include="..\ZiMoPublic\openssl\include\openssl\rc2.h">
      <Filter>头文件\Public\openssl\include\openssl</Filter>
    </ClInclude>
    <ClInclude Include="..\ZiMoPublic\openssl\include\openssl\rc4.h">
      <Filter>头文件\Public\openssl\include\openssl</Filter>
    </ClInclude>
    <ClInclude Include="..\ZiMoPublic\openssl\include\openssl\rc5.h">
      <Filter>头文件\Public\openssl\include\openssl</Filter>
    </ClInclude>
    <ClInclude Include="..\ZiMoPublic\openssl\include\openssl\ripemd.h">
      <Filter>头文件\Public\openssl\include\openssl</Filter>
    </ClInclude>
    <ClInclude Include="..\ZiMoPublic\openssl\include\openssl\rsa.h">
      <Filter>头文件\Public\openssl\include\openssl</Filter>
    </ClInclude>
    <ClInclude Include="..\ZiMoPublic\openssl\include\openssl\rsaerr.h">
      <Filter>头文件\Public\openssl\include\openssl</Filter>
    </ClInclude>
    <ClInclude Include="..\ZiMoPublic\openssl\include\openssl\safestack.h">
      <Filter>头文件\Public\openssl\include\openssl</Filter>
    </ClInclude>
    <ClInclude Include="..\ZiMoPublic\openssl\include\openssl\seed.h">
      <Filter>头文件\Public\openssl\include\openssl</Filter>
    </ClInclude>
    <ClInclude Include="..\ZiMoPublic\openssl\include\openssl\self_test.h">
      <Filter>头文件\Public\openssl\include\openssl</Filter>
    </ClInclude>
    <ClInclude Include="..\ZiMoPublic\openssl\include\openssl\sha.h">
      <Filter>头文件\Public\openssl\include\openssl</Filter>
    </ClInclude>
    <ClInclude Include="..\ZiMoPublic\openssl\include\openssl\srp.h">
      <Filter>头文件\Public\openssl\include\openssl</Filter>
    </ClInclude>
    <ClInclude Include="..\ZiMoPublic\openssl\include\openssl\srtp.h">
      <Filter>头文件\Public\openssl\include\openssl</Filter>
    </ClInclude>
    <ClInclude Include="..\ZiMoPublic\openssl\include\openssl\ssl.h">
      <Filter>头文件\Public\openssl\include\openssl</Filter>
    </ClInclude>
    <ClInclude Include="..\ZiMoPublic\openssl\include\openssl\ssl2.h">
      <Filter>头文件\Public\openssl\include\openssl</Filter>
    </ClInclude>
    <ClInclude Include="..\ZiMoPublic\openssl\include\openssl\ssl3.h">
      <Filter>头文件\Public\openssl\include\openssl</Filter>
    </ClInclude>
    <ClInclude Include="..\ZiMoPublic\openssl\include\openssl\sslerr.h">
      <Filter>头文件\Public\openssl\include\openssl</Filter>
    </ClInclude>
    <ClInclude Include="..\ZiMoPublic\openssl\include\openssl\sslerr_legacy.h">
      <Filter>头文件\Public\openssl\include\openssl</Filter>
    </ClInclude>
    <ClInclude Include="..\ZiMoPublic\openssl\include\openssl\stack.h">
      <Filter>头文件\Public\openssl\include\openssl</Filter>
    </ClInclude>
    <ClInclude Include="..\ZiMoPublic\openssl\include\openssl\store.h">
      <Filter>头文件\Public\openssl\include\openssl</Filter>
    </ClInclude>
    <ClInclude Include="..\ZiMoPublic\openssl\include\openssl\storeerr.h">
      <Filter>头文件\Public\openssl\include\openssl</Filter>
    </ClInclude>
    <ClInclude Include="..\ZiMoPublic\openssl\include\openssl\symhacks.h">
      <Filter>头文件\Public\openssl\include\openssl</Filter>
    </ClInclude>
    <ClInclude Include="..\ZiMoPublic\openssl\include\openssl\thread.h">
      <Filter>头文件\Public\openssl\include\openssl</Filter>
    </ClInclude>
    <ClInclude Include="..\ZiMoPublic\openssl\include\openssl\tls1.h">
      <Filter>头文件\Public\openssl\include\openssl</Filter>
    </ClInclude>
    <ClInclude Include="..\ZiMoPublic\openssl\include\openssl\trace.h">
      <Filter>头文件\Public\openssl\include\openssl</Filter>
    </ClInclude>
    <ClInclude Include="..\ZiMoPublic\openssl\include\openssl\ts.h">
      <Filter>头文件\Public\openssl\include\openssl</Filter>
    </ClInclude>
    <ClInclude Include="..\ZiMoPublic\openssl\include\openssl\tserr.h">
      <Filter>头文件\Public\openssl\include\openssl</Filter>
    </ClInclude>
    <ClInclude Include="..\ZiMoPublic\openssl\include\openssl\txt_db.h">
      <Filter>头文件\Public\openssl\include\openssl</Filter>
    </ClInclude>
    <ClInclude Include="..\ZiMoPublic\openssl\include\openssl\types.h">
      <Filter>头文件\Public\openssl\include\openssl</Filter>
    </ClInclude>
    <ClInclude Include="..\ZiMoPublic\openssl\include\openssl\ui.h">
      <Filter>头文件\Public\openssl\include\openssl</Filter>
    </ClInclude>
    <ClInclude Include="..\ZiMoPublic\openssl\include\openssl\uierr.h">
      <Filter>头文件\Public\openssl\include\openssl</Filter>
    </ClInclude>
    <ClInclude Include="..\ZiMoPublic\openssl\include\openssl\whrlpool.h">
      <Filter>头文件\Public\openssl\include\openssl</Filter>
    </ClInclude>
    <ClInclude Include="..\ZiMoPublic\openssl\include\openssl\x509.h">
      <Filter>头文件\Public\openssl\include\openssl</Filter>
    </ClInclude>
    <ClInclude Include="..\ZiMoPublic\openssl\include\openssl\x509_acert.h">
      <Filter>头文件\Public\openssl\include\openssl</Filter>
    </ClInclude>
    <ClInclude Include="..\ZiMoPublic\openssl\include\openssl\x509_vfy.h">
      <Filter>头文件\Public\openssl\include\openssl</Filter>
    </ClInclude>
    <ClInclude Include="..\ZiMoPublic\openssl\include\openssl\x509err.h">
      <Filter>头文件\Public\openssl\include\openssl</Filter>
    </ClInclude>
    <ClInclude Include="..\ZiMoPublic\openssl\include\openssl\x509v3.h">
      <Filter>头文件\Public\openssl\include\openssl</Filter>
    </ClInclude>
    <ClInclude Include="..\ZiMoPublic\openssl\include\openssl\x509v3err.h">
      <Filter>头文件\Public\openssl\include\openssl</Filter>
    </ClInclude>
    <ClInclude Include="..\ZiMoPublic\service\zm_service_base.h">
      <Filter>头文件\Public\service</Filter>
    </ClInclude>
    <ClInclude Include="..\ZiMoPublic\spdlog\async.h">
      <Filter>头文件\Public\spdlog</Filter>
    </ClInclude>
    <ClInclude Include="..\ZiMoPublic\spdlog\async_logger.h">
      <Filter>头文件\Public\spdlog</Filter>
    </ClInclude>
    <ClInclude Include="..\ZiMoPublic\spdlog\async_logger-inl.h">
      <Filter>头文件\Public\spdlog</Filter>
    </ClInclude>
    <ClInclude Include="..\ZiMoPublic\spdlog\common.h">
      <Filter>头文件\Public\spdlog</Filter>
    </ClInclude>
    <ClInclude Include="..\ZiMoPublic\spdlog\common-inl.h">
      <Filter>头文件\Public\spdlog</Filter>
    </ClInclude>
    <ClInclude Include="..\ZiMoPublic\spdlog\formatter.h">
      <Filter>头文件\Public\spdlog</Filter>
    </ClInclude>
    <ClInclude Include="..\ZiMoPublic\spdlog\fwd.h">
      <Filter>头文件\Public\spdlog</Filter>
    </ClInclude>
    <ClInclude Include="..\ZiMoPublic\spdlog\logger.h">
      <Filter>头文件\Public\spdlog</Filter>
    </ClInclude>
    <ClInclude Include="..\ZiMoPublic\spdlog\logger-inl.h">
      <Filter>头文件\Public\spdlog</Filter>
    </ClInclude>
    <ClInclude Include="..\ZiMoPublic\spdlog\mdc.h">
      <Filter>头文件\Public\spdlog</Filter>
    </ClInclude>
    <ClInclude Include="..\ZiMoPublic\spdlog\pattern_formatter.h">
      <Filter>头文件\Public\spdlog</Filter>
    </ClInclude>
    <ClInclude Include="..\ZiMoPublic\spdlog\pattern_formatter-inl.h">
      <Filter>头文件\Public\spdlog</Filter>
    </ClInclude>
    <ClInclude Include="..\ZiMoPublic\spdlog\spdlog.h">
      <Filter>头文件\Public\spdlog</Filter>
    </ClInclude>
    <ClInclude Include="..\ZiMoPublic\spdlog\spdlog-inl.h">
      <Filter>头文件\Public\spdlog</Filter>
    </ClInclude>
    <ClInclude Include="..\ZiMoPublic\spdlog\stopwatch.h">
      <Filter>头文件\Public\spdlog</Filter>
    </ClInclude>
    <ClInclude Include="..\ZiMoPublic\spdlog\tweakme.h">
      <Filter>头文件\Public\spdlog</Filter>
    </ClInclude>
    <ClInclude Include="..\ZiMoPublic\spdlog\version.h">
      <Filter>头文件\Public\spdlog</Filter>
    </ClInclude>
    <ClInclude Include="..\ZiMoPublic\spdlog\cfg\argv.h">
      <Filter>头文件\Public\spdlog\cfg</Filter>
    </ClInclude>
    <ClInclude Include="..\ZiMoPublic\spdlog\cfg\env.h">
      <Filter>头文件\Public\spdlog\cfg</Filter>
    </ClInclude>
    <ClInclude Include="..\ZiMoPublic\spdlog\cfg\helpers.h">
      <Filter>头文件\Public\spdlog\cfg</Filter>
    </ClInclude>
    <ClInclude Include="..\ZiMoPublic\spdlog\cfg\helpers-inl.h">
      <Filter>头文件\Public\spdlog\cfg</Filter>
    </ClInclude>
    <ClInclude Include="..\ZiMoPublic\spdlog\details\backtracer.h">
      <Filter>头文件\Public\spdlog\details</Filter>
    </ClInclude>
    <ClInclude Include="..\ZiMoPublic\spdlog\details\backtracer-inl.h">
      <Filter>头文件\Public\spdlog\details</Filter>
    </ClInclude>
    <ClInclude Include="..\ZiMoPublic\spdlog\details\circular_q.h">
      <Filter>头文件\Public\spdlog\details</Filter>
    </ClInclude>
    <ClInclude Include="..\ZiMoPublic\spdlog\details\console_globals.h">
      <Filter>头文件\Public\spdlog\details</Filter>
    </ClInclude>
    <ClInclude Include="..\ZiMoPublic\spdlog\details\file_helper.h">
      <Filter>头文件\Public\spdlog\details</Filter>
    </ClInclude>
    <ClInclude Include="..\ZiMoPublic\spdlog\details\file_helper-inl.h">
      <Filter>头文件\Public\spdlog\details</Filter>
    </ClInclude>
    <ClInclude Include="..\ZiMoPublic\spdlog\details\fmt_helper.h">
      <Filter>头文件\Public\spdlog\details</Filter>
    </ClInclude>
    <ClInclude Include="..\ZiMoPublic\spdlog\details\log_msg.h">
      <Filter>头文件\Public\spdlog\details</Filter>
    </ClInclude>
    <ClInclude Include="..\ZiMoPublic\spdlog\details\log_msg_buffer.h">
      <Filter>头文件\Public\spdlog\details</Filter>
    </ClInclude>
    <ClInclude Include="..\ZiMoPublic\spdlog\details\log_msg_buffer-inl.h">
      <Filter>头文件\Public\spdlog\details</Filter>
    </ClInclude>
    <ClInclude Include="..\ZiMoPublic\spdlog\details\log_msg-inl.h">
      <Filter>头文件\Public\spdlog\details</Filter>
    </ClInclude>
    <ClInclude Include="..\ZiMoPublic\spdlog\details\mpmc_blocking_q.h">
      <Filter>头文件\Public\spdlog\details</Filter>
    </ClInclude>
    <ClInclude Include="..\ZiMoPublic\spdlog\details\null_mutex.h">
      <Filter>头文件\Public\spdlog\details</Filter>
    </ClInclude>
    <ClInclude Include="..\ZiMoPublic\spdlog\details\os.h">
      <Filter>头文件\Public\spdlog\details</Filter>
    </ClInclude>
    <ClInclude Include="..\ZiMoPublic\spdlog\details\os-inl.h">
      <Filter>头文件\Public\spdlog\details</Filter>
    </ClInclude>
    <ClInclude Include="..\ZiMoPublic\spdlog\details\periodic_worker.h">
      <Filter>头文件\Public\spdlog\details</Filter>
    </ClInclude>
    <ClInclude Include="..\ZiMoPublic\spdlog\details\periodic_worker-inl.h">
      <Filter>头文件\Public\spdlog\details</Filter>
    </ClInclude>
    <ClInclude Include="..\ZiMoPublic\spdlog\details\registry.h">
      <Filter>头文件\Public\spdlog\details</Filter>
    </ClInclude>
    <ClInclude Include="..\ZiMoPublic\spdlog\details\registry-inl.h">
      <Filter>头文件\Public\spdlog\details</Filter>
    </ClInclude>
    <ClInclude Include="..\ZiMoPublic\spdlog\details\synchronous_factory.h">
      <Filter>头文件\Public\spdlog\details</Filter>
    </ClInclude>
    <ClInclude Include="..\ZiMoPublic\spdlog\details\tcp_client.h">
      <Filter>头文件\Public\spdlog\details</Filter>
    </ClInclude>
    <ClInclude Include="..\ZiMoPublic\spdlog\details\tcp_client-windows.h">
      <Filter>头文件\Public\spdlog\details</Filter>
    </ClInclude>
    <ClInclude Include="..\ZiMoPublic\spdlog\details\thread_pool.h">
      <Filter>头文件\Public\spdlog\details</Filter>
    </ClInclude>
    <ClInclude Include="..\ZiMoPublic\spdlog\details\thread_pool-inl.h">
      <Filter>头文件\Public\spdlog\details</Filter>
    </ClInclude>
    <ClInclude Include="..\ZiMoPublic\spdlog\details\udp_client.h">
      <Filter>头文件\Public\spdlog\details</Filter>
    </ClInclude>
    <ClInclude Include="..\ZiMoPublic\spdlog\details\udp_client-windows.h">
      <Filter>头文件\Public\spdlog\details</Filter>
    </ClInclude>
    <ClInclude Include="..\ZiMoPublic\spdlog\details\windows_include.h">
      <Filter>头文件\Public\spdlog\details</Filter>
    </ClInclude>
    <ClInclude Include="..\ZiMoPublic\spdlog\fmt\bin_to_hex.h">
      <Filter>头文件\Public\spdlog\fmt</Filter>
    </ClInclude>
    <ClInclude Include="..\ZiMoPublic\spdlog\fmt\chrono.h">
      <Filter>头文件\Public\spdlog\fmt</Filter>
    </ClInclude>
    <ClInclude Include="..\ZiMoPublic\spdlog\fmt\compile.h">
      <Filter>头文件\Public\spdlog\fmt</Filter>
    </ClInclude>
    <ClInclude Include="..\ZiMoPublic\spdlog\fmt\fmt.h">
      <Filter>头文件\Public\spdlog\fmt</Filter>
    </ClInclude>
    <ClInclude Include="..\ZiMoPublic\spdlog\fmt\ostr.h">
      <Filter>头文件\Public\spdlog\fmt</Filter>
    </ClInclude>
    <ClInclude Include="..\ZiMoPublic\spdlog\fmt\ranges.h">
      <Filter>头文件\Public\spdlog\fmt</Filter>
    </ClInclude>
    <ClInclude Include="..\ZiMoPublic\spdlog\fmt\std.h">
      <Filter>头文件\Public\spdlog\fmt</Filter>
    </ClInclude>
    <ClInclude Include="..\ZiMoPublic\spdlog\fmt\xchar.h">
      <Filter>头文件\Public\spdlog\fmt</Filter>
    </ClInclude>
    <ClInclude Include="..\ZiMoPublic\spdlog\fmt\bundled\args.h">
      <Filter>头文件\Public\spdlog\fmt\bundled</Filter>
    </ClInclude>
    <ClInclude Include="..\ZiMoPublic\spdlog\fmt\bundled\base.h">
      <Filter>头文件\Public\spdlog\fmt\bundled</Filter>
    </ClInclude>
    <ClInclude Include="..\ZiMoPublic\spdlog\fmt\bundled\chrono.h">
      <Filter>头文件\Public\spdlog\fmt\bundled</Filter>
    </ClInclude>
    <ClInclude Include="..\ZiMoPublic\spdlog\fmt\bundled\color.h">
      <Filter>头文件\Public\spdlog\fmt\bundled</Filter>
    </ClInclude>
    <ClInclude Include="..\ZiMoPublic\spdlog\fmt\bundled\compile.h">
      <Filter>头文件\Public\spdlog\fmt\bundled</Filter>
    </ClInclude>
    <ClInclude Include="..\ZiMoPublic\spdlog\fmt\bundled\core.h">
      <Filter>头文件\Public\spdlog\fmt\bundled</Filter>
    </ClInclude>
    <ClInclude Include="..\ZiMoPublic\spdlog\fmt\bundled\format.h">
      <Filter>头文件\Public\spdlog\fmt\bundled</Filter>
    </ClInclude>
    <ClInclude Include="..\ZiMoPublic\spdlog\fmt\bundled\format-inl.h">
      <Filter>头文件\Public\spdlog\fmt\bundled</Filter>
    </ClInclude>
    <ClInclude Include="..\ZiMoPublic\spdlog\fmt\bundled\os.h">
      <Filter>头文件\Public\spdlog\fmt\bundled</Filter>
    </ClInclude>
    <ClInclude Include="..\ZiMoPublic\spdlog\fmt\bundled\ostream.h">
      <Filter>头文件\Public\spdlog\fmt\bundled</Filter>
    </ClInclude>
    <ClInclude Include="..\ZiMoPublic\spdlog\fmt\bundled\printf.h">
      <Filter>头文件\Public\spdlog\fmt\bundled</Filter>
    </ClInclude>
    <ClInclude Include="..\ZiMoPublic\spdlog\fmt\bundled\ranges.h">
      <Filter>头文件\Public\spdlog\fmt\bundled</Filter>
    </ClInclude>
    <ClInclude Include="..\ZiMoPublic\spdlog\fmt\bundled\std.h">
      <Filter>头文件\Public\spdlog\fmt\bundled</Filter>
    </ClInclude>
    <ClInclude Include="..\ZiMoPublic\spdlog\fmt\bundled\xchar.h">
      <Filter>头文件\Public\spdlog\fmt\bundled</Filter>
    </ClInclude>
    <ClInclude Include="..\ZiMoPublic\spdlog\sinks\android_sink.h">
      <Filter>头文件\Public\spdlog\sinks</Filter>
    </ClInclude>
    <ClInclude Include="..\ZiMoPublic\spdlog\sinks\ansicolor_sink.h">
      <Filter>头文件\Public\spdlog\sinks</Filter>
    </ClInclude>
    <ClInclude Include="..\ZiMoPublic\spdlog\sinks\ansicolor_sink-inl.h">
      <Filter>头文件\Public\spdlog\sinks</Filter>
    </ClInclude>
    <ClInclude Include="..\ZiMoPublic\spdlog\sinks\base_sink.h">
      <Filter>头文件\Public\spdlog\sinks</Filter>
    </ClInclude>
    <ClInclude Include="..\ZiMoPublic\spdlog\sinks\base_sink-inl.h">
      <Filter>头文件\Public\spdlog\sinks</Filter>
    </ClInclude>
    <ClInclude Include="..\ZiMoPublic\spdlog\sinks\basic_file_sink.h">
      <Filter>头文件\Public\spdlog\sinks</Filter>
    </ClInclude>
    <ClInclude Include="..\ZiMoPublic\spdlog\sinks\basic_file_sink-inl.h">
      <Filter>头文件\Public\spdlog\sinks</Filter>
    </ClInclude>
    <ClInclude Include="..\ZiMoPublic\spdlog\sinks\callback_sink.h">
      <Filter>头文件\Public\spdlog\sinks</Filter>
    </ClInclude>
    <ClInclude Include="..\ZiMoPublic\spdlog\sinks\daily_file_sink.h">
      <Filter>头文件\Public\spdlog\sinks</Filter>
    </ClInclude>
    <ClInclude Include="..\ZiMoPublic\spdlog\sinks\dist_sink.h">
      <Filter>头文件\Public\spdlog\sinks</Filter>
    </ClInclude>
    <ClInclude Include="..\ZiMoPublic\spdlog\sinks\dup_filter_sink.h">
      <Filter>头文件\Public\spdlog\sinks</Filter>
    </ClInclude>
    <ClInclude Include="..\ZiMoPublic\spdlog\sinks\hourly_file_sink.h">
      <Filter>头文件\Public\spdlog\sinks</Filter>
    </ClInclude>
    <ClInclude Include="..\ZiMoPublic\spdlog\sinks\kafka_sink.h">
      <Filter>头文件\Public\spdlog\sinks</Filter>
    </ClInclude>
    <ClInclude Include="..\ZiMoPublic\spdlog\sinks\mongo_sink.h">
      <Filter>头文件\Public\spdlog\sinks</Filter>
    </ClInclude>
    <ClInclude Include="..\ZiMoPublic\spdlog\sinks\msvc_sink.h">
      <Filter>头文件\Public\spdlog\sinks</Filter>
    </ClInclude>
    <ClInclude Include="..\ZiMoPublic\spdlog\sinks\null_sink.h">
      <Filter>头文件\Public\spdlog\sinks</Filter>
    </ClInclude>
    <ClInclude Include="..\ZiMoPublic\spdlog\sinks\ostream_sink.h">
      <Filter>头文件\Public\spdlog\sinks</Filter>
    </ClInclude>
    <ClInclude Include="..\ZiMoPublic\spdlog\sinks\qt_sinks.h">
      <Filter>头文件\Public\spdlog\sinks</Filter>
    </ClInclude>
    <ClInclude Include="..\ZiMoPublic\spdlog\sinks\ringbuffer_sink.h">
      <Filter>头文件\Public\spdlog\sinks</Filter>
    </ClInclude>
    <ClInclude Include="..\ZiMoPublic\spdlog\sinks\rotating_file_sink.h">
      <Filter>头文件\Public\spdlog\sinks</Filter>
    </ClInclude>
    <ClInclude Include="..\ZiMoPublic\spdlog\sinks\rotating_file_sink-inl.h">
      <Filter>头文件\Public\spdlog\sinks</Filter>
    </ClInclude>
    <ClInclude Include="..\ZiMoPublic\spdlog\sinks\sink.h">
      <Filter>头文件\Public\spdlog\sinks</Filter>
    </ClInclude>
    <ClInclude Include="..\ZiMoPublic\spdlog\sinks\sink-inl.h">
      <Filter>头文件\Public\spdlog\sinks</Filter>
    </ClInclude>
    <ClInclude Include="..\ZiMoPublic\spdlog\sinks\stdout_color_sinks.h">
      <Filter>头文件\Public\spdlog\sinks</Filter>
    </ClInclude>
    <ClInclude Include="..\ZiMoPublic\spdlog\sinks\stdout_color_sinks-inl.h">
      <Filter>头文件\Public\spdlog\sinks</Filter>
    </ClInclude>
    <ClInclude Include="..\ZiMoPublic\spdlog\sinks\stdout_sinks.h">
      <Filter>头文件\Public\spdlog\sinks</Filter>
    </ClInclude>
    <ClInclude Include="..\ZiMoPublic\spdlog\sinks\stdout_sinks-inl.h">
      <Filter>头文件\Public\spdlog\sinks</Filter>
    </ClInclude>
    <ClInclude Include="..\ZiMoPublic\spdlog\sinks\syslog_sink.h">
      <Filter>头文件\Public\spdlog\sinks</Filter>
    </ClInclude>
    <ClInclude Include="..\ZiMoPublic\spdlog\sinks\systemd_sink.h">
      <Filter>头文件\Public\spdlog\sinks</Filter>
    </ClInclude>
    <ClInclude Include="..\ZiMoPublic\spdlog\sinks\tcp_sink.h">
      <Filter>头文件\Public\spdlog\sinks</Filter>
    </ClInclude>
    <ClInclude Include="..\ZiMoPublic\spdlog\sinks\udp_sink.h">
      <Filter>头文件\Public\spdlog\sinks</Filter>
    </ClInclude>
    <ClInclude Include="..\ZiMoPublic\spdlog\sinks\win_eventlog_sink.h">
      <Filter>头文件\Public\spdlog\sinks</Filter>
    </ClInclude>
    <ClInclude Include="..\ZiMoPublic\spdlog\sinks\wincolor_sink.h">
      <Filter>头文件\Public\spdlog\sinks</Filter>
    </ClInclude>
    <ClInclude Include="..\ZiMoPublic\spdlog\sinks\wincolor_sink-inl.h">
      <Filter>头文件\Public\spdlog\sinks</Filter>
    </ClInclude>
    <ClInclude Include="..\ZiMoPublic\util\zm_util_file.h">
      <Filter>头文件\Public\util</Filter>
    </ClInclude>
    <ClInclude Include="..\ZiMoPublic\util\zm_util_str.h">
      <Filter>头文件\Public\util</Filter>
    </ClInclude>
    <ClInclude Include="..\ZiMoPublic\util\zm_util_sys.h">
      <Filter>头文件\Public\util</Filter>
    </ClInclude>
    <ClInclude Include="..\ZiMoPublic\util\zm_util_thread.h">
      <Filter>头文件\Public\util</Filter>
    </ClInclude>
    <ClInclude Include="..\ZiMoPublic\websocket\zm_websocket_server.h">
      <Filter>头文件\Public\websocket</Filter>
    </ClInclude>
    <ClInclude Include="..\ZiMoPublic\websocket\zm_websocket_utils.h">
      <Filter>头文件\Public\websocket</Filter>
    </ClInclude>
    <ClInclude Include="..\ZiMoPublic\util\zm_util_libevent.h">
      <Filter>头文件\Public\util</Filter>
    </ClInclude>
    <ClInclude Include="..\ZiMoPublic\spdlog\zm_logger.h">
      <Filter>头文件\Public\spdlog</Filter>
    </ClInclude>
    <ClInclude Include="..\ZiMoPublic\util\zm_util_container.h">
      <Filter>头文件\Public\util</Filter>
    </ClInclude>
    <ClInclude Include="..\ZiMoPublic\util\zm_util_win_os.h">
      <Filter>头文件\Public\util</Filter>
    </ClInclude>
    <ClInclude Include="..\ZiMoPublic\net\zm_net_dns.h">
      <Filter>头文件\Public\net</Filter>
    </ClInclude>
    <ClInclude Include="..\ZiMoPublic\net\zm_net_ip.h">
      <Filter>头文件\Public\net</Filter>
    </ClInclude>
    <ClInclude Include="..\ZiMoPublic\ssl\zm_ssl_ctx.h">
      <Filter>头文件\Public\ssl</Filter>
    </ClInclude>
    <ClInclude Include="..\ZiMoPublic\ssl\zm_ssl_fingerprint.h">
      <Filter>头文件\Public\ssl</Filter>
    </ClInclude>
    <ClInclude Include="..\ZiMoPublic\net\zm_net_tap.h">
      <Filter>头文件\Public\net</Filter>
    </ClInclude>
    <ClInclude Include="http_jsonrpc_manager.h">
      <Filter>头文件</Filter>
    </ClInclude>
    <ClInclude Include="hub_proxy_manager.h">
      <Filter>头文件</Filter>
    </ClInclude>
    <ClInclude Include="message_server_manager.h">
      <Filter>头文件</Filter>
    </ClInclude>
    <ClInclude Include="net_dock.h">
      <Filter>头文件</Filter>
    </ClInclude>
    <ClInclude Include="service_global.h">
      <Filter>头文件</Filter>
    </ClInclude>
    <ClInclude Include="..\ZiMoPublic\net\zm_net_tap_hub.h">
      <Filter>头文件\Public\net</Filter>
    </ClInclude>
    <ClInclude Include="..\ZiMoPublic\net\zm_net_tap_jrpc.h">
      <Filter>头文件\Public\net</Filter>
    </ClInclude>
    <ClInclude Include="service_portal.h">
      <Filter>头文件</Filter>
    </ClInclude>
    <ClInclude Include="service_define.h">
      <Filter>头文件</Filter>
    </ClInclude>
    <ClInclude Include="http_server_manager.h">
      <Filter>头文件</Filter>
    </ClInclude>
    <ClInclude Include="..\ZiMoPublic\net\zm_net_http_router.h">
      <Filter>头文件\Public\net</Filter>
    </ClInclude>
    <ClInclude Include="..\ZiMoPublic\net\zm_net_request_channel.h">
      <Filter>头文件</Filter>
    </ClInclude>
    <ClInclude Include="..\ZiMoPublic\net\zm_net_runloop.h">
      <Filter>头文件\Public\net</Filter>
    </ClInclude>
  </ItemGroup>
  <ItemGroup>
    <ResourceCompile Include="resource.rc">
      <Filter>资源文件</Filter>
    </ResourceCompile>
  </ItemGroup>
  <ItemGroup>
    <Image Include="resource\images\icon\haro_icon.ico">
      <Filter>资源文件</Filter>
    </Image>
  </ItemGroup>
  <ItemGroup>
    <None Include="..\ZiMoPublic\spdlog\README.md">
      <Filter>头文件\Public\spdlog</Filter>
    </None>
    <None Include="..\ZiMoPublic\spdlog\spdlog_guide.md">
      <Filter>头文件\Public\spdlog</Filter>
    </None>
  </ItemGroup>
</Project>