<?xml version="1.0" encoding="utf-8"?>
<Project ToolsVersion="4.0" xmlns="http://schemas.microsoft.com/developer/msbuild/2003">
  <ItemGroup>
    <Filter Include="源文件">
      <UniqueIdentifier>{4FC737F1-C7A5-4376-A066-2A32D752A2FF}</UniqueIdentifier>
      <Extensions>cpp;c;cc;cxx;c++;cppm;ixx;def;odl;idl;hpj;bat;asm;asmx</Extensions>
    </Filter>
    <Filter Include="头文件">
      <UniqueIdentifier>{93995380-89BD-4b04-88EB-625FBE52EBFB}</UniqueIdentifier>
      <Extensions>h;hh;hpp;hxx;h++;hm;inl;inc;ipp;xsd</Extensions>
    </Filter>
  </ItemGroup>
  <ItemGroup>
    <ClCompile Include="main.cpp">
      <Filter>源文件</Filter>
    </ClCompile>
    <ClCompile Include="..\..\ZiMoPublic\net\zm_net_broadcast_base.cpp">
      <Filter>源文件</Filter>
    </ClCompile>
    <ClCompile Include="..\..\ZiMoPublic\net\zm_net_broadcast_client.cpp">
      <Filter>源文件</Filter>
    </ClCompile>
    <ClCompile Include="..\..\ZiMoPublic\net\zm_net_runloop.cpp">
      <Filter>源文件</Filter>
    </ClCompile>
    <ClCompile Include="..\..\ZiMoPublic\net\zm_net_dns.cpp">
      <Filter>源文件</Filter>
    </ClCompile>
    <ClCompile Include="..\..\ZiMoPublic\util\zm_util_thread.cpp">
      <Filter>源文件</Filter>
    </ClCompile>
    <ClCompile Include="..\..\ZiMoPublic\util\zm_util_sys.cpp">
      <Filter>源文件</Filter>
    </ClCompile>
    <ClCompile Include="..\..\ZiMoPublic\util\zm_util_libevent.cpp">
      <Filter>源文件</Filter>
    </ClCompile>
    <ClCompile Include="..\..\ZiMoPublic\util\zm_util_str.cpp">
      <Filter>源文件</Filter>
    </ClCompile>
    <ClCompile Include="..\..\ZiMoPublic\spdlog\zm_logger.cpp">
      <Filter>源文件</Filter>
    </ClCompile>
    <ClCompile Include="..\..\ZiMoPublic\net\zm_net_ip.cpp">
      <Filter>源文件</Filter>
    </ClCompile>
    <ClCompile Include="..\..\ZiMoPublic\util\zm_util_container.cpp">
      <Filter>源文件</Filter>
    </ClCompile>
    <ClCompile Include="..\..\ZiMoPublic\net\zm_net_socket.cpp">
      <Filter>头文件</Filter>
    </ClCompile>
    <ClCompile Include="..\..\ZiMoPublic\ssl\zm_ssl_ctx.cpp">
      <Filter>头文件</Filter>
    </ClCompile>
    <ClCompile Include="..\..\ZiMoPublic\ssl\zm_ssl_fingerprint.cpp">
      <Filter>头文件</Filter>
    </ClCompile>
    <ClCompile Include="..\..\ZiMoPublic\util\zm_util_file.cpp">
      <Filter>头文件</Filter>
    </ClCompile>
  </ItemGroup>
  <ItemGroup>
    <ClInclude Include="..\..\ZiMoPublic\net\zm_net_broadcast_base.h">
      <Filter>头文件</Filter>
    </ClInclude>
    <ClInclude Include="..\..\ZiMoPublic\net\zm_net_broadcast_client.h">
      <Filter>头文件</Filter>
    </ClInclude>
    <ClInclude Include="..\..\ZiMoPublic\net\zm_net_runloop.h">
      <Filter>头文件</Filter>
    </ClInclude>
    <ClInclude Include="..\..\ZiMoPublic\net\zm_net_ip.h">
      <Filter>头文件</Filter>
    </ClInclude>
    <ClInclude Include="..\..\ZiMoPublic\util\zm_util_container.h">
      <Filter>头文件</Filter>
    </ClInclude>
    <ClInclude Include="..\..\ZiMoPublic\util\zm_util_str.h">
      <Filter>头文件</Filter>
    </ClInclude>
    <ClInclude Include="..\..\ZiMoPublic\net\zm_net_socket.h">
      <Filter>头文件</Filter>
    </ClInclude>
    <ClInclude Include="..\..\ZiMoPublic\ssl\zm_ssl_ctx.h">
      <Filter>头文件</Filter>
    </ClInclude>
    <ClInclude Include="..\..\ZiMoPublic\ssl\zm_ssl_fingerprint.h">
      <Filter>头文件</Filter>
    </ClInclude>
    <ClInclude Include="..\..\ZiMoPublic\util\zm_util_file.h">
      <Filter>头文件</Filter>
    </ClInclude>
  </ItemGroup>
</Project>